// !$*UTF8*$!
{
	archiveVersion = 1;
	classes = {
	};
	objectVersion = 46;
	objects = {

/* Begin PBXBuildFile section */
		760AE0B11CC27563005DE071 /* DaikiriJSON.m in Sources */ = {isa = PBXBuildFile; fileRef = 760AE0B01CC27563005DE071 /* DaikiriJSON.m */; };
		760AE0B81CC27FE8005DE071 /* Headquarter.m in Sources */ = {isa = PBXBuildFile; fileRef = 760AE0B31CC27FE8005DE071 /* Headquarter.m */; };
		760AE0B91CC27FE8005DE071 /* Hero.m in Sources */ = {isa = PBXBuildFile; fileRef = 760AE0B51CC27FE8005DE071 /* Hero.m */; };
		760AE0BA1CC27FE8005DE071 /* Vehicle.m in Sources */ = {isa = PBXBuildFile; fileRef = 760AE0B71CC27FE8005DE071 /* Vehicle.m */; };
		762167BA1CC178A200C6CA80 /* main.m in Sources */ = {isa = PBXBuildFile; fileRef = 762167B91CC178A200C6CA80 /* main.m */; };
		762167BD1CC178A200C6CA80 /* AppDelegate.m in Sources */ = {isa = PBXBuildFile; fileRef = 762167BC1CC178A200C6CA80 /* AppDelegate.m */; };
		762167C01CC178A200C6CA80 /* ViewController.m in Sources */ = {isa = PBXBuildFile; fileRef = 762167BF1CC178A200C6CA80 /* ViewController.m */; };
		762167C31CC178A200C6CA80 /* Main.storyboard in Resources */ = {isa = PBXBuildFile; fileRef = 762167C11CC178A200C6CA80 /* Main.storyboard */; };
		762167C61CC178A200C6CA80 /* daikiri.xcdatamodeld in Sources */ = {isa = PBXBuildFile; fileRef = 762167C41CC178A200C6CA80 /* daikiri.xcdatamodeld */; };
		762167C81CC178A200C6CA80 /* Assets.xcassets in Resources */ = {isa = PBXBuildFile; fileRef = 762167C71CC178A200C6CA80 /* Assets.xcassets */; };
		762167CB1CC178A200C6CA80 /* LaunchScreen.storyboard in Resources */ = {isa = PBXBuildFile; fileRef = 762167C91CC178A200C6CA80 /* LaunchScreen.storyboard */; };
		762167D71CC1791600C6CA80 /* Daikiri.m in Sources */ = {isa = PBXBuildFile; fileRef = 762167D61CC1791600C6CA80 /* Daikiri.m */; };
/* End PBXBuildFile section */

/* Begin PBXFileReference section */
		760AE0AF1CC27563005DE071 /* DaikiriJSON.h */ = {isa = PBXFileReference; fileEncoding = 4; lastKnownFileType = sourcecode.c.h; name = DaikiriJSON.h; path = lib/DaikiriJSON.h; sourceTree = "<group>"; };
		760AE0B01CC27563005DE071 /* DaikiriJSON.m */ = {isa = PBXFileReference; fileEncoding = 4; lastKnownFileType = sourcecode.c.objc; name = DaikiriJSON.m; path = lib/DaikiriJSON.m; sourceTree = "<group>"; };
		760AE0B21CC27FE8005DE071 /* Headquarter.h */ = {isa = PBXFileReference; fileEncoding = 4; lastKnownFileType = sourcecode.c.h; name = Headquarter.h; path = support/Headquarter.h; sourceTree = "<group>"; };
		760AE0B31CC27FE8005DE071 /* Headquarter.m */ = {isa = PBXFileReference; fileEncoding = 4; lastKnownFileType = sourcecode.c.objc; name = Headquarter.m; path = support/Headquarter.m; sourceTree = "<group>"; };
		760AE0B41CC27FE8005DE071 /* Hero.h */ = {isa = PBXFileReference; fileEncoding = 4; lastKnownFileType = sourcecode.c.h; name = Hero.h; path = support/Hero.h; sourceTree = "<group>"; };
		760AE0B51CC27FE8005DE071 /* Hero.m */ = {isa = PBXFileReference; fileEncoding = 4; lastKnownFileType = sourcecode.c.objc; name = Hero.m; path = support/Hero.m; sourceTree = "<group>"; };
		760AE0B61CC27FE8005DE071 /* Vehicle.h */ = {isa = PBXFileReference; fileEncoding = 4; lastKnownFileType = sourcecode.c.h; name = Vehicle.h; path = support/Vehicle.h; sourceTree = "<group>"; };
		760AE0B71CC27FE8005DE071 /* Vehicle.m */ = {isa = PBXFileReference; fileEncoding = 4; lastKnownFileType = sourcecode.c.objc; name = Vehicle.m; path = support/Vehicle.m; sourceTree = "<group>"; };
		762167B51CC178A200C6CA80 /* daikiri.app */ = {isa = PBXFileReference; explicitFileType = wrapper.application; includeInIndex = 0; path = daikiri.app; sourceTree = BUILT_PRODUCTS_DIR; };
		762167B91CC178A200C6CA80 /* main.m */ = {isa = PBXFileReference; lastKnownFileType = sourcecode.c.objc; path = main.m; sourceTree = "<group>"; };
		762167BB1CC178A200C6CA80 /* AppDelegate.h */ = {isa = PBXFileReference; lastKnownFileType = sourcecode.c.h; path = AppDelegate.h; sourceTree = "<group>"; };
		762167BC1CC178A200C6CA80 /* AppDelegate.m */ = {isa = PBXFileReference; lastKnownFileType = sourcecode.c.objc; path = AppDelegate.m; sourceTree = "<group>"; };
		762167BE1CC178A200C6CA80 /* ViewController.h */ = {isa = PBXFileReference; lastKnownFileType = sourcecode.c.h; path = ViewController.h; sourceTree = "<group>"; };
		762167BF1CC178A200C6CA80 /* ViewController.m */ = {isa = PBXFileReference; lastKnownFileType = sourcecode.c.objc; path = ViewController.m; sourceTree = "<group>"; };
		762167C21CC178A200C6CA80 /* Base */ = {isa = PBXFileReference; lastKnownFileType = file.storyboard; name = Base; path = Base.lproj/Main.storyboard; sourceTree = "<group>"; };
		762167C51CC178A200C6CA80 /* daikiri.xcdatamodel */ = {isa = PBXFileReference; lastKnownFileType = wrapper.xcdatamodel; path = daikiri.xcdatamodel; sourceTree = "<group>"; };
		762167C71CC178A200C6CA80 /* Assets.xcassets */ = {isa = PBXFileReference; lastKnownFileType = folder.assetcatalog; path = Assets.xcassets; sourceTree = "<group>"; };
		762167CA1CC178A200C6CA80 /* Base */ = {isa = PBXFileReference; lastKnownFileType = file.storyboard; name = Base; path = Base.lproj/LaunchScreen.storyboard; sourceTree = "<group>"; };
		762167CC1CC178A200C6CA80 /* Info.plist */ = {isa = PBXFileReference; lastKnownFileType = text.plist.xml; path = Info.plist; sourceTree = "<group>"; };
		762167D51CC1791600C6CA80 /* Daikiri.h */ = {isa = PBXFileReference; fileEncoding = 4; lastKnownFileType = sourcecode.c.h; name = Daikiri.h; path = lib/Daikiri.h; sourceTree = "<group>"; };
		762167D61CC1791600C6CA80 /* Daikiri.m */ = {isa = PBXFileReference; fileEncoding = 4; lastKnownFileType = sourcecode.c.objc; name = Daikiri.m; path = lib/Daikiri.m; sourceTree = "<group>"; };
/* End PBXFileReference section */

/* Begin PBXFrameworksBuildPhase section */
		762167B21CC178A200C6CA80 /* Frameworks */ = {
			isa = PBXFrameworksBuildPhase;
			buildActionMask = 2147483647;
			files = (
			);
			runOnlyForDeploymentPostprocessing = 0;
		};
/* End PBXFrameworksBuildPhase section */

/* Begin PBXGroup section */
		762167AC1CC178A200C6CA80 = {
			isa = PBXGroup;
			children = (
				762167B71CC178A200C6CA80 /* daikiri */,
				762167B61CC178A200C6CA80 /* Products */,
			);
			sourceTree = "<group>";
		};
		762167B61CC178A200C6CA80 /* Products */ = {
			isa = PBXGroup;
			children = (
				762167B51CC178A200C6CA80 /* daikiri.app */,
			);
			name = Products;
			sourceTree = "<group>";
		};
		762167B71CC178A200C6CA80 /* daikiri */ = {
			isa = PBXGroup;
			children = (
				762167D41CC178E500C6CA80 /* support */,
				762167D31CC178D900C6CA80 /* app */,
				762167D21CC178D000C6CA80 /* lib */,
				762167C71CC178A200C6CA80 /* Assets.xcassets */,
				762167C91CC178A200C6CA80 /* LaunchScreen.storyboard */,
				762167CC1CC178A200C6CA80 /* Info.plist */,
				762167B81CC178A200C6CA80 /* Supporting Files */,
			);
			path = daikiri;
			sourceTree = "<group>";
		};
		762167B81CC178A200C6CA80 /* Supporting Files */ = {
			isa = PBXGroup;
			children = (
				762167B91CC178A200C6CA80 /* main.m */,
			);
			name = "Supporting Files";
			sourceTree = "<group>";
		};
		762167D21CC178D000C6CA80 /* lib */ = {
			isa = PBXGroup;
			children = (
				762167D51CC1791600C6CA80 /* Daikiri.h */,
				762167D61CC1791600C6CA80 /* Daikiri.m */,
				760AE0AF1CC27563005DE071 /* DaikiriJSON.h */,
				760AE0B01CC27563005DE071 /* DaikiriJSON.m */,
			);
			name = lib;
			sourceTree = "<group>";
		};
		762167D31CC178D900C6CA80 /* app */ = {
			isa = PBXGroup;
			children = (
				762167BB1CC178A200C6CA80 /* AppDelegate.h */,
				762167BC1CC178A200C6CA80 /* AppDelegate.m */,
				762167BE1CC178A200C6CA80 /* ViewController.h */,
				762167BF1CC178A200C6CA80 /* ViewController.m */,
				762167C11CC178A200C6CA80 /* Main.storyboard */,
			);
			name = app;
			sourceTree = "<group>";
		};
		762167D41CC178E500C6CA80 /* support */ = {
			isa = PBXGroup;
			children = (
				762167C41CC178A200C6CA80 /* daikiri.xcdatamodeld */,
				760AE0B41CC27FE8005DE071 /* Hero.h */,
				760AE0B51CC27FE8005DE071 /* Hero.m */,
				760AE0B21CC27FE8005DE071 /* Headquarter.h */,
				760AE0B31CC27FE8005DE071 /* Headquarter.m */,
				760AE0B61CC27FE8005DE071 /* Vehicle.h */,
				760AE0B71CC27FE8005DE071 /* Vehicle.m */,
			);
			name = support;
			sourceTree = "<group>";
		};
/* End PBXGroup section */

/* Begin PBXNativeTarget section */
		762167B41CC178A200C6CA80 /* daikiri */ = {
			isa = PBXNativeTarget;
			buildConfigurationList = 762167CF1CC178A200C6CA80 /* Build configuration list for PBXNativeTarget "daikiri" */;
			buildPhases = (
				762167B11CC178A200C6CA80 /* Sources */,
				762167B21CC178A200C6CA80 /* Frameworks */,
				762167B31CC178A200C6CA80 /* Resources */,
			);
			buildRules = (
			);
			dependencies = (
			);
			name = daikiri;
			productName = daikiri;
			productReference = 762167B51CC178A200C6CA80 /* daikiri.app */;
			productType = "com.apple.product-type.application";
		};
/* End PBXNativeTarget section */

/* Begin PBXProject section */
		762167AD1CC178A200C6CA80 /* Project object */ = {
			isa = PBXProject;
			attributes = {
				LastUpgradeCheck = 0730;
				ORGANIZATIONNAME = revo;
				TargetAttributes = {
					762167B41CC178A200C6CA80 = {
						CreatedOnToolsVersion = 7.3;
					};
				};
			};
			buildConfigurationList = 762167B01CC178A200C6CA80 /* Build configuration list for PBXProject "daikiri" */;
			compatibilityVersion = "Xcode 3.2";
			developmentRegion = English;
			hasScannedForEncodings = 0;
			knownRegions = (
				en,
				Base,
			);
			mainGroup = 762167AC1CC178A200C6CA80;
			productRefGroup = 762167B61CC178A200C6CA80 /* Products */;
			projectDirPath = "";
			projectRoot = "";
			targets = (
				762167B41CC178A200C6CA80 /* daikiri */,
			);
		};
/* End PBXProject section */

/* Begin PBXResourcesBuildPhase section */
		762167B31CC178A200C6CA80 /* Resources */ = {
			isa = PBXResourcesBuildPhase;
			buildActionMask = 2147483647;
			files = (
				762167CB1CC178A200C6CA80 /* LaunchScreen.storyboard in Resources */,
				762167C81CC178A200C6CA80 /* Assets.xcassets in Resources */,
				762167C31CC178A200C6CA80 /* Main.storyboard in Resources */,
			);
			runOnlyForDeploymentPostprocessing = 0;
		};
/* End PBXResourcesBuildPhase section */

/* Begin PBXSourcesBuildPhase section */
		762167B11CC178A200C6CA80 /* Sources */ = {
			isa = PBXSourcesBuildPhase;
			buildActionMask = 2147483647;
			files = (
				762167C01CC178A200C6CA80 /* ViewController.m in Sources */,
				762167D71CC1791600C6CA80 /* Daikiri.m in Sources */,
				760AE0B91CC27FE8005DE071 /* Hero.m in Sources */,
				762167C61CC178A200C6CA80 /* daikiri.xcdatamodeld in Sources */,
				760AE0B81CC27FE8005DE071 /* Headquarter.m in Sources */,
				760AE0BA1CC27FE8005DE071 /* Vehicle.m in Sources */,
				762167BD1CC178A200C6CA80 /* AppDelegate.m in Sources */,
				762167BA1CC178A200C6CA80 /* main.m in Sources */,
				760AE0B11CC27563005DE071 /* DaikiriJSON.m in Sources */,
			);
			runOnlyForDeploymentPostprocessing = 0;
		};
/* End PBXSourcesBuildPhase section */

/* Begin PBXVariantGroup section */
		762167C11CC178A200C6CA80 /* Main.storyboard */ = {
			isa = PBXVariantGroup;
			children = (
				762167C21CC178A200C6CA80 /* Base */,
			);
			name = Main.storyboard;
			sourceTree = "<group>";
		};
		762167C91CC178A200C6CA80 /* LaunchScreen.storyboard */ = {
			isa = PBXVariantGroup;
			children = (
				762167CA1CC178A200C6CA80 /* Base */,
			);
			name = LaunchScreen.storyboard;
			sourceTree = "<group>";
		};
/* End PBXVariantGroup section */

/* Begin XCBuildConfiguration section */
		762167CD1CC178A200C6CA80 /* Debug */ = {
			isa = XCBuildConfiguration;
			buildSettings = {
				ALWAYS_SEARCH_USER_PATHS = NO;
				CLANG_ANALYZER_NONNULL = YES;
				CLANG_CXX_LANGUAGE_STANDARD = "gnu++0x";
				CLANG_CXX_LIBRARY = "libc++";
				CLANG_ENABLE_MODULES = YES;
				CLANG_ENABLE_OBJC_ARC = YES;
				CLANG_WARN_BOOL_CONVERSION = YES;
				CLANG_WARN_CONSTANT_CONVERSION = YES;
				CLANG_WARN_DIRECT_OBJC_ISA_USAGE = YES_ERROR;
				CLANG_WARN_EMPTY_BODY = YES;
				CLANG_WARN_ENUM_CONVERSION = YES;
				CLANG_WARN_INT_CONVERSION = YES;
				CLANG_WARN_OBJC_ROOT_CLASS = YES_ERROR;
				CLANG_WARN_UNREACHABLE_CODE = YES;
				CLANG_WARN__DUPLICATE_METHOD_MATCH = YES;
				"CODE_SIGN_IDENTITY[sdk=iphoneos*]" = "iPhone Developer";
				COPY_PHASE_STRIP = NO;
				DEBUG_INFORMATION_FORMAT = dwarf;
				ENABLE_STRICT_OBJC_MSGSEND = YES;
				ENABLE_TESTABILITY = YES;
				GCC_C_LANGUAGE_STANDARD = gnu99;
				GCC_DYNAMIC_NO_PIC = NO;
				GCC_NO_COMMON_BLOCKS = YES;
				GCC_OPTIMIZATION_LEVEL = 0;
				GCC_PREPROCESSOR_DEFINITIONS = (
					"DEBUG=1",
					"$(inherited)",
				);
				GCC_WARN_64_TO_32_BIT_CONVERSION = YES;
				GCC_WARN_ABOUT_RETURN_TYPE = YES_ERROR;
				GCC_WARN_UNDECLARED_SELECTOR = YES;
				GCC_WARN_UNINITIALIZED_AUTOS = YES_AGGRESSIVE;
				GCC_WARN_UNUSED_FUNCTION = YES;
				GCC_WARN_UNUSED_VARIABLE = YES;
				IPHONEOS_DEPLOYMENT_TARGET = 9.3;
				MTL_ENABLE_DEBUG_INFO = YES;
				ONLY_ACTIVE_ARCH = YES;
				SDKROOT = iphoneos;
				TARGETED_DEVICE_FAMILY = "1,2";
			};
			name = Debug;
		};
		762167CE1CC178A200C6CA80 /* Release */ = {
			isa = XCBuildConfiguration;
			buildSettings = {
				ALWAYS_SEARCH_USER_PATHS = NO;
				CLANG_ANALYZER_NONNULL = YES;
				CLANG_CXX_LANGUAGE_STANDARD = "gnu++0x";
				CLANG_CXX_LIBRARY = "libc++";
				CLANG_ENABLE_MODULES = YES;
				CLANG_ENABLE_OBJC_ARC = YES;
				CLANG_WARN_BOOL_CONVERSION = YES;
				CLANG_WARN_CONSTANT_CONVERSION = YES;
				CLANG_WARN_DIRECT_OBJC_ISA_USAGE = YES_ERROR;
				CLANG_WARN_EMPTY_BODY = YES;
				CLANG_WARN_ENUM_CONVERSION = YES;
				CLANG_WARN_INT_CONVERSION = YES;
				CLANG_WARN_OBJC_ROOT_CLASS = YES_ERROR;
				CLANG_WARN_UNREACHABLE_CODE = YES;
				CLANG_WARN__DUPLICATE_METHOD_MATCH = YES;
				"CODE_SIGN_IDENTITY[sdk=iphoneos*]" = "iPhone Developer";
				COPY_PHASE_STRIP = NO;
				DEBUG_INFORMATION_FORMAT = "dwarf-with-dsym";
				ENABLE_NS_ASSERTIONS = NO;
				ENABLE_STRICT_OBJC_MSGSEND = YES;
				GCC_C_LANGUAGE_STANDARD = gnu99;
				GCC_NO_COMMON_BLOCKS = YES;
				GCC_WARN_64_TO_32_BIT_CONVERSION = YES;
				GCC_WARN_ABOUT_RETURN_TYPE = YES_ERROR;
				GCC_WARN_UNDECLARED_SELECTOR = YES;
				GCC_WARN_UNINITIALIZED_AUTOS = YES_AGGRESSIVE;
				GCC_WARN_UNUSED_FUNCTION = YES;
				GCC_WARN_UNUSED_VARIABLE = YES;
				IPHONEOS_DEPLOYMENT_TARGET = 9.3;
				MTL_ENABLE_DEBUG_INFO = NO;
				SDKROOT = iphoneos;
				TARGETED_DEVICE_FAMILY = "1,2";
				VALIDATE_PRODUCT = YES;
			};
			name = Release;
		};
		762167D01CC178A200C6CA80 /* Debug */ = {
			isa = XCBuildConfiguration;
			buildSettings = {
				ASSETCATALOG_COMPILER_APPICON_NAME = AppIcon;
				INFOPLIST_FILE = daikiri/Info.plist;
				LD_RUNPATH_SEARCH_PATHS = "$(inherited) @executable_path/Frameworks";
				PRODUCT_BUNDLE_IDENTIFIER = works.revo.daikiri;
				PRODUCT_NAME = "$(TARGET_NAME)";
			};
			name = Debug;
		};
		762167D11CC178A200C6CA80 /* Release */ = {
			isa = XCBuildConfiguration;
			buildSettings = {
				ASSETCATALOG_COMPILER_APPICON_NAME = AppIcon;
				INFOPLIST_FILE = daikiri/Info.plist;
				LD_RUNPATH_SEARCH_PATHS = "$(inherited) @executable_path/Frameworks";
				PRODUCT_BUNDLE_IDENTIFIER = works.revo.daikiri;
				PRODUCT_NAME = "$(TARGET_NAME)";
			};
			name = Release;
		};
/* End XCBuildConfiguration section */

/* Begin XCConfigurationList section */
		762167B01CC178A200C6CA80 /* Build configuration list for PBXProject "daikiri" */ = {
			isa = XCConfigurationList;
			buildConfigurations = (
				762167CD1CC178A200C6CA80 /* Debug */,
				762167CE1CC178A200C6CA80 /* Release */,
			);
			defaultConfigurationIsVisible = 0;
			defaultConfigurationName = Release;
		};
		762167CF1CC178A200C6CA80 /* Build configuration list for PBXNativeTarget "daikiri" */ = {
			isa = XCConfigurationList;
			buildConfigurations = (
				762167D01CC178A200C6CA80 /* Debug */,
				762167D11CC178A200C6CA80 /* Release */,
			);
			defaultConfigurationIsVisible = 0;
			defaultConfigurationName = Release;
		};
/* End XCConfigurationList section */

/* Begin XCVersionGroup section */
		762167C41CC178A200C6CA80 /* daikiri.xcdatamodeld */ = {
			isa = XCVersionGroup;
			children = (
				762167C51CC178A200C6CA80 /* daikiri.xcdatamodel */,
			);
			currentVersion = 762167C51CC178A200C6CA80 /* daikiri.xcdatamodel */;
			path = daikiri.xcdatamodeld;
			sourceTree = "<group>";
			versionGroupType = wrapper.xcdatamodel;
		};
/* End XCVersionGroup section */
	};
	rootObject = 762167AD1CC178A200C6CA80 /* Project object */;
}
