// !$*UTF8*$!
{
	archiveVersion = 1;
	classes = {
	};
	objectVersion = 54;
	objects = {

/* Begin PBXBuildFile section */
		131144C21F8B9AC8002051C9 /* DaikiriMultipleAccounts.m in Sources */ = {isa = PBXBuildFile; fileRef = 131144C11F8B9AC8002051C9 /* DaikiriMultipleAccounts.m */; };
		760AE0B11CC27563005DE071 /* DaikiriJSON.m in Sources */ = {isa = PBXBuildFile; fileRef = 760AE0B01CC27563005DE071 /* DaikiriJSON.m */; };
		760AE0B81CC27FE8005DE071 /* Headquarter.m in Sources */ = {isa = PBXBuildFile; fileRef = 760AE0B31CC27FE8005DE071 /* Headquarter.m */; };
		760AE0B91CC27FE8005DE071 /* Hero.m in Sources */ = {isa = PBXBuildFile; fileRef = 760AE0B51CC27FE8005DE071 /* Hero.m */; };
		760AE0BA1CC27FE8005DE071 /* Vehicle.m in Sources */ = {isa = PBXBuildFile; fileRef = 760AE0B71CC27FE8005DE071 /* Vehicle.m */; };
		760B2C3A1CC61B31004300AD /* GSHero.m in Sources */ = {isa = PBXBuildFile; fileRef = 760B2C391CC61B31004300AD /* GSHero.m */; };
		760E42E91CC36ADE00796DCF /* Enemy.m in Sources */ = {isa = PBXBuildFile; fileRef = 760E42E81CC36ADE00796DCF /* Enemy.m */; };
		760E42EC1CC36AEB00796DCF /* Friend.m in Sources */ = {isa = PBXBuildFile; fileRef = 760E42EB1CC36AEB00796DCF /* Friend.m */; };
		760E42EF1CC36B4900796DCF /* EnemyHero.m in Sources */ = {isa = PBXBuildFile; fileRef = 760E42EE1CC36B4900796DCF /* EnemyHero.m */; };
		7611ED191CC2CF7600A55B06 /* daikiri.podspec.json in Resources */ = {isa = PBXBuildFile; fileRef = 7611ED181CC2CF7600A55B06 /* daikiri.podspec.json */; };
		7616C91B1CC4133B00E1DEEE /* DaikiriCoreData.m in Sources */ = {isa = PBXBuildFile; fileRef = 7616C91A1CC4133B00E1DEEE /* DaikiriCoreData.m */; };
		762167BA1CC178A200C6CA80 /* main.m in Sources */ = {isa = PBXBuildFile; fileRef = 762167B91CC178A200C6CA80 /* main.m */; };
		762167BD1CC178A200C6CA80 /* AppDelegate.m in Sources */ = {isa = PBXBuildFile; fileRef = 762167BC1CC178A200C6CA80 /* AppDelegate.m */; };
		762167C01CC178A200C6CA80 /* ViewController.m in Sources */ = {isa = PBXBuildFile; fileRef = 762167BF1CC178A200C6CA80 /* ViewController.m */; };
		762167C31CC178A200C6CA80 /* Main.storyboard in Resources */ = {isa = PBXBuildFile; fileRef = 762167C11CC178A200C6CA80 /* Main.storyboard */; };
		762167C61CC178A200C6CA80 /* daikiri.xcdatamodeld in Sources */ = {isa = PBXBuildFile; fileRef = 762167C41CC178A200C6CA80 /* daikiri.xcdatamodeld */; };
		762167C81CC178A200C6CA80 /* Assets.xcassets in Resources */ = {isa = PBXBuildFile; fileRef = 762167C71CC178A200C6CA80 /* Assets.xcassets */; };
		762167CB1CC178A200C6CA80 /* LaunchScreen.storyboard in Resources */ = {isa = PBXBuildFile; fileRef = 762167C91CC178A200C6CA80 /* LaunchScreen.storyboard */; };
		762167D71CC1791600C6CA80 /* Daikiri.m in Sources */ = {isa = PBXBuildFile; fileRef = 762167D61CC1791600C6CA80 /* Daikiri.m */; };
		762B8EF61D0403080081ADA6 /* DaikiriJsonFromDictionaryTests.m in Sources */ = {isa = PBXBuildFile; fileRef = 762B8EF51D0403080081ADA6 /* DaikiriJsonFromDictionaryTests.m */; };
		762B8EFF1D04067B0081ADA6 /* NonDaikiri.m in Sources */ = {isa = PBXBuildFile; fileRef = 762B8EFE1D04067B0081ADA6 /* NonDaikiri.m */; };
		762B8F011D0408CD0081ADA6 /* DaikiriJsonToDictionaryTests.m in Sources */ = {isa = PBXBuildFile; fileRef = 762B8F001D0408CD0081ADA6 /* DaikiriJsonToDictionaryTests.m */; };
		763DFE691D63AA5100A12221 /* DKObject.m in Sources */ = {isa = PBXBuildFile; fileRef = 763DFE681D63AA5100A12221 /* DKObject.m */; };
		763DFE6B1D63AB1400A12221 /* DKObjectTests.m in Sources */ = {isa = PBXBuildFile; fileRef = 763DFE6A1D63AB1400A12221 /* DKObjectTests.m */; };
		764426CB1CC5364200F0F2C9 /* QueryBuilder.m in Sources */ = {isa = PBXBuildFile; fileRef = 764426CA1CC5364200F0F2C9 /* QueryBuilder.m */; };
		764426D11CC7B52E00F0F2C9 /* SampleModel.m in Sources */ = {isa = PBXBuildFile; fileRef = 764426D01CC7B52E00F0F2C9 /* SampleModel.m */; };
		764426D41CC7B54A00F0F2C9 /* GSEnemy.m in Sources */ = {isa = PBXBuildFile; fileRef = 764426D31CC7B54A00F0F2C9 /* GSEnemy.m */; };
		764426D71CC7B67900F0F2C9 /* GSEnemyHero.m in Sources */ = {isa = PBXBuildFile; fileRef = 764426D61CC7B67900F0F2C9 /* GSEnemyHero.m */; };
		76488E3F1D41FFB40036C260 /* DaikiriTests.m in Sources */ = {isa = PBXBuildFile; fileRef = 76488E3E1D41FFB40036C260 /* DaikiriTests.m */; };
		76488E411D4200600036C260 /* QueryBuilderTests.m in Sources */ = {isa = PBXBuildFile; fileRef = 76488E401D4200600036C260 /* QueryBuilderTests.m */; };
		7658163F203F0E3C0053DC34 /* DaikiriFactoryTest.m in Sources */ = {isa = PBXBuildFile; fileRef = 7658163E203F0E3C0053DC34 /* DaikiriFactoryTest.m */; };
		765E49CD1DE4EA3100DE4D39 /* DKFactory.m in Sources */ = {isa = PBXBuildFile; fileRef = 765E49CC1DE4EA3100DE4D39 /* DKFactory.m */; };
		765E49D11DE4EF9800DE4D39 /* HeroFactory.m in Sources */ = {isa = PBXBuildFile; fileRef = 765E49D01DE4EF9800DE4D39 /* HeroFactory.m */; };
		775106A8B8FADEA8C8F5E6FA /* DKFactoryDefinition.m in Sources */ = {isa = PBXBuildFile; fileRef = 77510F062039B2EC5FFC88DA /* DKFactoryDefinition.m */; };
		7751076F5AD5DDA9C423A4D3 /* DKFaker.m in Sources */ = {isa = PBXBuildFile; fileRef = 775102A17B8D841A951FE741 /* DKFaker.m */; };
		913DDF272DE0C0C90077A4B6 /* TransformablesTests.swift in Sources */ = {isa = PBXBuildFile; fileRef = 913DDF262DE0C0B80077A4B6 /* TransformablesTests.swift */; };
		913DDF2B2DE0C5E30077A4B6 /* Driver.swift in Sources */ = {isa = PBXBuildFile; fileRef = 913DDF2A2DE0C5E30077A4B6 /* Driver.swift */; };
		913DDF2D2DE0CCDB0077A4B6 /* DriverTransformer.swift in Sources */ = {isa = PBXBuildFile; fileRef = 913DDF2C2DE0CCDB0077A4B6 /* DriverTransformer.swift */; };
		BB8295FA2B90E93E00192013 /* Tag.m in Sources */ = {isa = PBXBuildFile; fileRef = BB8295F92B90E93E00192013 /* Tag.m */; };
		D17AB5E1736133903CCC0854 /* libPods-daikiri.a in Frameworks */ = {isa = PBXBuildFile; fileRef = D5396CF4ECD259055673F8A5 /* libPods-daikiri.a */; };
/* End PBXBuildFile section */

/* Begin PBXContainerItemProxy section */
		762B8EF81D0403080081ADA6 /* PBXContainerItemProxy */ = {
			isa = PBXContainerItemProxy;
			containerPortal = 762167AD1CC178A200C6CA80 /* Project object */;
			proxyType = 1;
			remoteGlobalIDString = 762167B41CC178A200C6CA80;
			remoteInfo = daikiri;
		};
/* End PBXContainerItemProxy section */

/* Begin PBXFileReference section */
		131144C11F8B9AC8002051C9 /* DaikiriMultipleAccounts.m */ = {isa = PBXFileReference; lastKnownFileType = sourcecode.c.objc; path = DaikiriMultipleAccounts.m; sourceTree = "<group>"; };
		54BFF6C81126852DC653226F /* Pods-daikiri.release.xcconfig */ = {isa = PBXFileReference; includeInIndex = 1; lastKnownFileType = text.xcconfig; name = "Pods-daikiri.release.xcconfig"; path = "Pods/Target Support Files/Pods-daikiri/Pods-daikiri.release.xcconfig"; sourceTree = "<group>"; };
		760AE0AF1CC27563005DE071 /* DaikiriJSON.h */ = {isa = PBXFileReference; fileEncoding = 4; lastKnownFileType = sourcecode.c.h; name = DaikiriJSON.h; path = lib/DaikiriJSON.h; sourceTree = "<group>"; };
		760AE0B01CC27563005DE071 /* DaikiriJSON.m */ = {isa = PBXFileReference; fileEncoding = 4; lastKnownFileType = sourcecode.c.objc; name = DaikiriJSON.m; path = lib/DaikiriJSON.m; sourceTree = "<group>"; };
		760AE0B21CC27FE8005DE071 /* Headquarter.h */ = {isa = PBXFileReference; fileEncoding = 4; lastKnownFileType = sourcecode.c.h; name = Headquarter.h; path = support/Headquarter.h; sourceTree = "<group>"; };
		760AE0B31CC27FE8005DE071 /* Headquarter.m */ = {isa = PBXFileReference; fileEncoding = 4; lastKnownFileType = sourcecode.c.objc; name = Headquarter.m; path = support/Headquarter.m; sourceTree = "<group>"; };
		760AE0B41CC27FE8005DE071 /* Hero.h */ = {isa = PBXFileReference; fileEncoding = 4; lastKnownFileType = sourcecode.c.h; name = Hero.h; path = support/Hero.h; sourceTree = "<group>"; };
		760AE0B51CC27FE8005DE071 /* Hero.m */ = {isa = PBXFileReference; fileEncoding = 4; lastKnownFileType = sourcecode.c.objc; name = Hero.m; path = support/Hero.m; sourceTree = "<group>"; };
		760AE0B61CC27FE8005DE071 /* Vehicle.h */ = {isa = PBXFileReference; fileEncoding = 4; lastKnownFileType = sourcecode.c.h; name = Vehicle.h; path = support/Vehicle.h; sourceTree = "<group>"; };
		760AE0B71CC27FE8005DE071 /* Vehicle.m */ = {isa = PBXFileReference; fileEncoding = 4; lastKnownFileType = sourcecode.c.objc; name = Vehicle.m; path = support/Vehicle.m; sourceTree = "<group>"; };
		760B2C381CC61B31004300AD /* GSHero.h */ = {isa = PBXFileReference; fileEncoding = 4; lastKnownFileType = sourcecode.c.h; name = GSHero.h; path = support/GSHero.h; sourceTree = "<group>"; };
		760B2C391CC61B31004300AD /* GSHero.m */ = {isa = PBXFileReference; fileEncoding = 4; lastKnownFileType = sourcecode.c.objc; name = GSHero.m; path = support/GSHero.m; sourceTree = "<group>"; };
		760E42E71CC36ADE00796DCF /* Enemy.h */ = {isa = PBXFileReference; fileEncoding = 4; lastKnownFileType = sourcecode.c.h; name = Enemy.h; path = support/Enemy.h; sourceTree = "<group>"; };
		760E42E81CC36ADE00796DCF /* Enemy.m */ = {isa = PBXFileReference; fileEncoding = 4; lastKnownFileType = sourcecode.c.objc; name = Enemy.m; path = support/Enemy.m; sourceTree = "<group>"; };
		760E42EA1CC36AEB00796DCF /* Friend.h */ = {isa = PBXFileReference; fileEncoding = 4; lastKnownFileType = sourcecode.c.h; name = Friend.h; path = support/Friend.h; sourceTree = "<group>"; };
		760E42EB1CC36AEB00796DCF /* Friend.m */ = {isa = PBXFileReference; fileEncoding = 4; lastKnownFileType = sourcecode.c.objc; name = Friend.m; path = support/Friend.m; sourceTree = "<group>"; };
		760E42ED1CC36B4900796DCF /* EnemyHero.h */ = {isa = PBXFileReference; fileEncoding = 4; lastKnownFileType = sourcecode.c.h; name = EnemyHero.h; path = support/EnemyHero.h; sourceTree = "<group>"; };
		760E42EE1CC36B4900796DCF /* EnemyHero.m */ = {isa = PBXFileReference; fileEncoding = 4; lastKnownFileType = sourcecode.c.objc; name = EnemyHero.m; path = support/EnemyHero.m; sourceTree = "<group>"; };
		7611ED181CC2CF7600A55B06 /* daikiri.podspec.json */ = {isa = PBXFileReference; fileEncoding = 4; lastKnownFileType = text.json; path = daikiri.podspec.json; sourceTree = "<group>"; };
		7611ED1A1CC2D09900A55B06 /* readme.md */ = {isa = PBXFileReference; fileEncoding = 4; lastKnownFileType = net.daringfireball.markdown; path = readme.md; sourceTree = "<group>"; };
		7616C9191CC4133B00E1DEEE /* DaikiriCoreData.h */ = {isa = PBXFileReference; fileEncoding = 4; lastKnownFileType = sourcecode.c.h; name = DaikiriCoreData.h; path = lib/DaikiriCoreData.h; sourceTree = "<group>"; };
		7616C91A1CC4133B00E1DEEE /* DaikiriCoreData.m */ = {isa = PBXFileReference; fileEncoding = 4; lastKnownFileType = sourcecode.c.objc; name = DaikiriCoreData.m; path = lib/DaikiriCoreData.m; sourceTree = "<group>"; };
		762167B51CC178A200C6CA80 /* daikiri.app */ = {isa = PBXFileReference; explicitFileType = wrapper.application; includeInIndex = 0; path = daikiri.app; sourceTree = BUILT_PRODUCTS_DIR; };
		762167B91CC178A200C6CA80 /* main.m */ = {isa = PBXFileReference; lastKnownFileType = sourcecode.c.objc; path = main.m; sourceTree = "<group>"; };
		762167BB1CC178A200C6CA80 /* AppDelegate.h */ = {isa = PBXFileReference; lastKnownFileType = sourcecode.c.h; path = AppDelegate.h; sourceTree = "<group>"; };
		762167BC1CC178A200C6CA80 /* AppDelegate.m */ = {isa = PBXFileReference; lastKnownFileType = sourcecode.c.objc; path = AppDelegate.m; sourceTree = "<group>"; };
		762167BE1CC178A200C6CA80 /* ViewController.h */ = {isa = PBXFileReference; lastKnownFileType = sourcecode.c.h; path = ViewController.h; sourceTree = "<group>"; };
		762167BF1CC178A200C6CA80 /* ViewController.m */ = {isa = PBXFileReference; lastKnownFileType = sourcecode.c.objc; path = ViewController.m; sourceTree = "<group>"; };
		762167C21CC178A200C6CA80 /* Base */ = {isa = PBXFileReference; lastKnownFileType = file.storyboard; name = Base; path = Base.lproj/Main.storyboard; sourceTree = "<group>"; };
		762167C51CC178A200C6CA80 /* daikiri.xcdatamodel */ = {isa = PBXFileReference; lastKnownFileType = wrapper.xcdatamodel; path = daikiri.xcdatamodel; sourceTree = "<group>"; };
		762167C71CC178A200C6CA80 /* Assets.xcassets */ = {isa = PBXFileReference; lastKnownFileType = folder.assetcatalog; path = Assets.xcassets; sourceTree = "<group>"; };
		762167CA1CC178A200C6CA80 /* Base */ = {isa = PBXFileReference; lastKnownFileType = file.storyboard; name = Base; path = Base.lproj/LaunchScreen.storyboard; sourceTree = "<group>"; };
		762167CC1CC178A200C6CA80 /* Info.plist */ = {isa = PBXFileReference; lastKnownFileType = text.plist.xml; path = Info.plist; sourceTree = "<group>"; };
		762167D51CC1791600C6CA80 /* Daikiri.h */ = {isa = PBXFileReference; fileEncoding = 4; lastKnownFileType = sourcecode.c.h; name = Daikiri.h; path = lib/Daikiri.h; sourceTree = "<group>"; };
		762167D61CC1791600C6CA80 /* Daikiri.m */ = {isa = PBXFileReference; fileEncoding = 4; lastKnownFileType = sourcecode.c.objc; name = Daikiri.m; path = lib/Daikiri.m; sourceTree = "<group>"; };
		762B8EF31D0403080081ADA6 /* daikiriTests.xctest */ = {isa = PBXFileReference; explicitFileType = wrapper.cfbundle; includeInIndex = 0; path = daikiriTests.xctest; sourceTree = BUILT_PRODUCTS_DIR; };
		762B8EF51D0403080081ADA6 /* DaikiriJsonFromDictionaryTests.m */ = {isa = PBXFileReference; lastKnownFileType = sourcecode.c.objc; path = DaikiriJsonFromDictionaryTests.m; sourceTree = "<group>"; };
		762B8EF71D0403080081ADA6 /* Info.plist */ = {isa = PBXFileReference; lastKnownFileType = text.plist.xml; path = Info.plist; sourceTree = "<group>"; };
		762B8EFD1D04067B0081ADA6 /* NonDaikiri.h */ = {isa = PBXFileReference; fileEncoding = 4; lastKnownFileType = sourcecode.c.h; name = NonDaikiri.h; path = support/NonDaikiri.h; sourceTree = "<group>"; };
		762B8EFE1D04067B0081ADA6 /* NonDaikiri.m */ = {isa = PBXFileReference; fileEncoding = 4; lastKnownFileType = sourcecode.c.objc; name = NonDaikiri.m; path = support/NonDaikiri.m; sourceTree = "<group>"; };
		762B8F001D0408CD0081ADA6 /* DaikiriJsonToDictionaryTests.m */ = {isa = PBXFileReference; fileEncoding = 4; lastKnownFileType = sourcecode.c.objc; path = DaikiriJsonToDictionaryTests.m; sourceTree = "<group>"; };
		763DFE671D63AA5100A12221 /* DKObject.h */ = {isa = PBXFileReference; fileEncoding = 4; lastKnownFileType = sourcecode.c.h; name = DKObject.h; path = lib/DKObject.h; sourceTree = "<group>"; };
		763DFE681D63AA5100A12221 /* DKObject.m */ = {isa = PBXFileReference; fileEncoding = 4; lastKnownFileType = sourcecode.c.objc; name = DKObject.m; path = lib/DKObject.m; sourceTree = "<group>"; };
		763DFE6A1D63AB1400A12221 /* DKObjectTests.m */ = {isa = PBXFileReference; fileEncoding = 4; lastKnownFileType = sourcecode.c.objc; path = DKObjectTests.m; sourceTree = "<group>"; };
		764426C91CC5364200F0F2C9 /* QueryBuilder.h */ = {isa = PBXFileReference; fileEncoding = 4; lastKnownFileType = sourcecode.c.h; name = QueryBuilder.h; path = lib/QueryBuilder.h; sourceTree = "<group>"; };
		764426CA1CC5364200F0F2C9 /* QueryBuilder.m */ = {isa = PBXFileReference; fileEncoding = 4; lastKnownFileType = sourcecode.c.objc; name = QueryBuilder.m; path = lib/QueryBuilder.m; sourceTree = "<group>"; };
		764426CF1CC7B52E00F0F2C9 /* SampleModel.h */ = {isa = PBXFileReference; fileEncoding = 4; lastKnownFileType = sourcecode.c.h; name = SampleModel.h; path = support/SampleModel.h; sourceTree = "<group>"; };
		764426D01CC7B52E00F0F2C9 /* SampleModel.m */ = {isa = PBXFileReference; fileEncoding = 4; lastKnownFileType = sourcecode.c.objc; name = SampleModel.m; path = support/SampleModel.m; sourceTree = "<group>"; };
		764426D21CC7B54A00F0F2C9 /* GSEnemy.h */ = {isa = PBXFileReference; fileEncoding = 4; lastKnownFileType = sourcecode.c.h; name = GSEnemy.h; path = support/GSEnemy.h; sourceTree = "<group>"; };
		764426D31CC7B54A00F0F2C9 /* GSEnemy.m */ = {isa = PBXFileReference; fileEncoding = 4; lastKnownFileType = sourcecode.c.objc; name = GSEnemy.m; path = support/GSEnemy.m; sourceTree = "<group>"; };
		764426D51CC7B67900F0F2C9 /* GSEnemyHero.h */ = {isa = PBXFileReference; fileEncoding = 4; lastKnownFileType = sourcecode.c.h; name = GSEnemyHero.h; path = support/GSEnemyHero.h; sourceTree = "<group>"; };
		764426D61CC7B67900F0F2C9 /* GSEnemyHero.m */ = {isa = PBXFileReference; fileEncoding = 4; lastKnownFileType = sourcecode.c.objc; name = GSEnemyHero.m; path = support/GSEnemyHero.m; sourceTree = "<group>"; };
		76488E3E1D41FFB40036C260 /* DaikiriTests.m */ = {isa = PBXFileReference; fileEncoding = 4; lastKnownFileType = sourcecode.c.objc; path = DaikiriTests.m; sourceTree = "<group>"; };
		76488E401D4200600036C260 /* QueryBuilderTests.m */ = {isa = PBXFileReference; fileEncoding = 4; lastKnownFileType = sourcecode.c.objc; path = QueryBuilderTests.m; sourceTree = "<group>"; };
		7658163E203F0E3C0053DC34 /* DaikiriFactoryTest.m */ = {isa = PBXFileReference; lastKnownFileType = sourcecode.c.objc; path = DaikiriFactoryTest.m; sourceTree = "<group>"; };
		765E49CB1DE4EA3100DE4D39 /* DKFactory.h */ = {isa = PBXFileReference; fileEncoding = 4; lastKnownFileType = sourcecode.c.h; name = DKFactory.h; path = lib/DKFactory/DKFactory.h; sourceTree = "<group>"; };
		765E49CC1DE4EA3100DE4D39 /* DKFactory.m */ = {isa = PBXFileReference; fileEncoding = 4; lastKnownFileType = sourcecode.c.objc; name = DKFactory.m; path = lib/DKFactory/DKFactory.m; sourceTree = "<group>"; };
		765E49CF1DE4EF9800DE4D39 /* HeroFactory.h */ = {isa = PBXFileReference; fileEncoding = 4; lastKnownFileType = sourcecode.c.h; name = HeroFactory.h; path = Factories/HeroFactory.h; sourceTree = "<group>"; };
		765E49D01DE4EF9800DE4D39 /* HeroFactory.m */ = {isa = PBXFileReference; fileEncoding = 4; lastKnownFileType = sourcecode.c.objc; name = HeroFactory.m; path = Factories/HeroFactory.m; sourceTree = "<group>"; };
		775102A17B8D841A951FE741 /* DKFaker.m */ = {isa = PBXFileReference; fileEncoding = 4; lastKnownFileType = sourcecode.c.objc; path = DKFaker.m; sourceTree = "<group>"; };
		775109E4954203FEDBA8B071 /* DKFaker.h */ = {isa = PBXFileReference; fileEncoding = 4; lastKnownFileType = sourcecode.c.h; path = DKFaker.h; sourceTree = "<group>"; };
		77510AB8C34B846D74D74E88 /* DKFactoryDefinition.h */ = {isa = PBXFileReference; fileEncoding = 4; lastKnownFileType = sourcecode.c.h; name = DKFactoryDefinition.h; path = lib/DKFactory/DKFactoryDefinition.h; sourceTree = "<group>"; };
		77510F062039B2EC5FFC88DA /* DKFactoryDefinition.m */ = {isa = PBXFileReference; fileEncoding = 4; lastKnownFileType = sourcecode.c.objc; name = DKFactoryDefinition.m; path = lib/DKFactory/DKFactoryDefinition.m; sourceTree = "<group>"; };
		913DDF262DE0C0B80077A4B6 /* TransformablesTests.swift */ = {isa = PBXFileReference; lastKnownFileType = sourcecode.swift; path = TransformablesTests.swift; sourceTree = "<group>"; };
		913DDF282DE0C0D20077A4B6 /* daikiriTests-Bridging-Header.h */ = {isa = PBXFileReference; lastKnownFileType = sourcecode.c.h; path = "daikiriTests-Bridging-Header.h"; sourceTree = "<group>"; };
		913DDF292DE0C5E30077A4B6 /* daikiri-Bridging-Header.h */ = {isa = PBXFileReference; lastKnownFileType = sourcecode.c.h; path = "daikiri-Bridging-Header.h"; sourceTree = "<group>"; };
		913DDF2A2DE0C5E30077A4B6 /* Driver.swift */ = {isa = PBXFileReference; lastKnownFileType = sourcecode.swift; path = Driver.swift; sourceTree = "<group>"; };
		913DDF2C2DE0CCDB0077A4B6 /* DriverTransformer.swift */ = {isa = PBXFileReference; lastKnownFileType = sourcecode.swift; path = DriverTransformer.swift; sourceTree = "<group>"; };
		BB8295F82B90E93E00192013 /* Tag.h */ = {isa = PBXFileReference; lastKnownFileType = sourcecode.c.h; name = Tag.h; path = support/Tag.h; sourceTree = "<group>"; };
		BB8295F92B90E93E00192013 /* Tag.m */ = {isa = PBXFileReference; lastKnownFileType = sourcecode.c.objc; name = Tag.m; path = support/Tag.m; sourceTree = "<group>"; };
		C9F2AAE25B85898F3A543336 /* Pods-daikiri.debug.xcconfig */ = {isa = PBXFileReference; includeInIndex = 1; lastKnownFileType = text.xcconfig; name = "Pods-daikiri.debug.xcconfig"; path = "Pods/Target Support Files/Pods-daikiri/Pods-daikiri.debug.xcconfig"; sourceTree = "<group>"; };
		D5396CF4ECD259055673F8A5 /* libPods-daikiri.a */ = {isa = PBXFileReference; explicitFileType = archive.ar; includeInIndex = 0; path = "libPods-daikiri.a"; sourceTree = BUILT_PRODUCTS_DIR; };
/* End PBXFileReference section */

/* Begin PBXFrameworksBuildPhase section */
		762167B21CC178A200C6CA80 /* Frameworks */ = {
			isa = PBXFrameworksBuildPhase;
			buildActionMask = 2147483647;
			files = (
				D17AB5E1736133903CCC0854 /* libPods-daikiri.a in Frameworks */,
			);
			runOnlyForDeploymentPostprocessing = 0;
		};
		762B8EF01D0403080081ADA6 /* Frameworks */ = {
			isa = PBXFrameworksBuildPhase;
			buildActionMask = 2147483647;
			files = (
			);
			runOnlyForDeploymentPostprocessing = 0;
		};
/* End PBXFrameworksBuildPhase section */

/* Begin PBXGroup section */
		63B9970B2F220CB32E8FAB34 /* Pods */ = {
			isa = PBXGroup;
			children = (
				C9F2AAE25B85898F3A543336 /* Pods-daikiri.debug.xcconfig */,
				54BFF6C81126852DC653226F /* Pods-daikiri.release.xcconfig */,
			);
			name = Pods;
			sourceTree = "<group>";
		};
		760B2C371CC61B1F004300AD /* WithPrefix */ = {
			isa = PBXGroup;
			children = (
				760B2C381CC61B31004300AD /* GSHero.h */,
				760B2C391CC61B31004300AD /* GSHero.m */,
				764426D21CC7B54A00F0F2C9 /* GSEnemy.h */,
				764426D31CC7B54A00F0F2C9 /* GSEnemy.m */,
				764426D51CC7B67900F0F2C9 /* GSEnemyHero.h */,
				764426D61CC7B67900F0F2C9 /* GSEnemyHero.m */,
			);
			name = WithPrefix;
			sourceTree = "<group>";
		};
		760E42E51CC36A5E00796DCF /* Standard */ = {
			isa = PBXGroup;
			children = (
				764426CF1CC7B52E00F0F2C9 /* SampleModel.h */,
				764426D01CC7B52E00F0F2C9 /* SampleModel.m */,
				762B8EFD1D04067B0081ADA6 /* NonDaikiri.h */,
				762B8EFE1D04067B0081ADA6 /* NonDaikiri.m */,
			);
			name = Standard;
			sourceTree = "<group>";
		};
		760E42E61CC36A7200796DCF /* Relationships */ = {
			isa = PBXGroup;
			children = (
				913DDF2C2DE0CCDB0077A4B6 /* DriverTransformer.swift */,
				760B2C371CC61B1F004300AD /* WithPrefix */,
				760AE0B41CC27FE8005DE071 /* Hero.h */,
				760AE0B51CC27FE8005DE071 /* Hero.m */,
				760AE0B21CC27FE8005DE071 /* Headquarter.h */,
				760AE0B31CC27FE8005DE071 /* Headquarter.m */,
				760AE0B61CC27FE8005DE071 /* Vehicle.h */,
				760AE0B71CC27FE8005DE071 /* Vehicle.m */,
				760E42E71CC36ADE00796DCF /* Enemy.h */,
				760E42E81CC36ADE00796DCF /* Enemy.m */,
				760E42EA1CC36AEB00796DCF /* Friend.h */,
				760E42EB1CC36AEB00796DCF /* Friend.m */,
				760E42ED1CC36B4900796DCF /* EnemyHero.h */,
				760E42EE1CC36B4900796DCF /* EnemyHero.m */,
				BB8295F82B90E93E00192013 /* Tag.h */,
				BB8295F92B90E93E00192013 /* Tag.m */,
				913DDF2A2DE0C5E30077A4B6 /* Driver.swift */,
				913DDF292DE0C5E30077A4B6 /* daikiri-Bridging-Header.h */,
			);
			name = Relationships;
			sourceTree = "<group>";
		};
		762167AC1CC178A200C6CA80 = {
			isa = PBXGroup;
			children = (
				762167B71CC178A200C6CA80 /* daikiri */,
				762B8EF41D0403080081ADA6 /* daikiriTests */,
				762167B61CC178A200C6CA80 /* Products */,
				7611ED1A1CC2D09900A55B06 /* readme.md */,
				7611ED181CC2CF7600A55B06 /* daikiri.podspec.json */,
				63B9970B2F220CB32E8FAB34 /* Pods */,
				988B87C32B69DA16F93BA670 /* Frameworks */,
			);
			sourceTree = "<group>";
		};
		762167B61CC178A200C6CA80 /* Products */ = {
			isa = PBXGroup;
			children = (
				762167B51CC178A200C6CA80 /* daikiri.app */,
				762B8EF31D0403080081ADA6 /* daikiriTests.xctest */,
			);
			name = Products;
			sourceTree = "<group>";
		};
		762167B71CC178A200C6CA80 /* daikiri */ = {
			isa = PBXGroup;
			children = (
				762167D41CC178E500C6CA80 /* support */,
				762167D31CC178D900C6CA80 /* app */,
				762167D21CC178D000C6CA80 /* lib */,
				762167C71CC178A200C6CA80 /* Assets.xcassets */,
				762167C91CC178A200C6CA80 /* LaunchScreen.storyboard */,
				762167CC1CC178A200C6CA80 /* Info.plist */,
				762167B81CC178A200C6CA80 /* Supporting Files */,
			);
			path = daikiri;
			sourceTree = "<group>";
		};
		762167B81CC178A200C6CA80 /* Supporting Files */ = {
			isa = PBXGroup;
			children = (
				762167B91CC178A200C6CA80 /* main.m */,
			);
			name = "Supporting Files";
			sourceTree = "<group>";
		};
		762167D21CC178D000C6CA80 /* lib */ = {
			isa = PBXGroup;
			children = (
				765E49CA1DE4EA1900DE4D39 /* DKFactory */,
				763DFE671D63AA5100A12221 /* DKObject.h */,
				763DFE681D63AA5100A12221 /* DKObject.m */,
				760AE0AF1CC27563005DE071 /* DaikiriJSON.h */,
				760AE0B01CC27563005DE071 /* DaikiriJSON.m */,
				762167D51CC1791600C6CA80 /* Daikiri.h */,
				762167D61CC1791600C6CA80 /* Daikiri.m */,
				7616C9191CC4133B00E1DEEE /* DaikiriCoreData.h */,
				7616C91A1CC4133B00E1DEEE /* DaikiriCoreData.m */,
				764426C91CC5364200F0F2C9 /* QueryBuilder.h */,
				764426CA1CC5364200F0F2C9 /* QueryBuilder.m */,
				77510E249BC521A2622ADC73 /* DKFaker */,
			);
			name = lib;
			sourceTree = "<group>";
		};
		762167D31CC178D900C6CA80 /* app */ = {
			isa = PBXGroup;
			children = (
				762167BB1CC178A200C6CA80 /* AppDelegate.h */,
				762167BC1CC178A200C6CA80 /* AppDelegate.m */,
				762167BE1CC178A200C6CA80 /* ViewController.h */,
				762167BF1CC178A200C6CA80 /* ViewController.m */,
				762167C11CC178A200C6CA80 /* Main.storyboard */,
			);
			name = app;
			sourceTree = "<group>";
		};
		762167D41CC178E500C6CA80 /* support */ = {
			isa = PBXGroup;
			children = (
				762167C41CC178A200C6CA80 /* daikiri.xcdatamodeld */,
				760E42E61CC36A7200796DCF /* Relationships */,
				760E42E51CC36A5E00796DCF /* Standard */,
			);
			name = support;
			sourceTree = "<group>";
		};
		762B8EF41D0403080081ADA6 /* daikiriTests */ = {
			isa = PBXGroup;
			children = (
				913DDF262DE0C0B80077A4B6 /* TransformablesTests.swift */,
				765E49CE1DE4EF3200DE4D39 /* Factories */,
				763DFE6A1D63AB1400A12221 /* DKObjectTests.m */,
				762B8EF51D0403080081ADA6 /* DaikiriJsonFromDictionaryTests.m */,
				762B8F001D0408CD0081ADA6 /* DaikiriJsonToDictionaryTests.m */,
				76488E3E1D41FFB40036C260 /* DaikiriTests.m */,
				76488E401D4200600036C260 /* QueryBuilderTests.m */,
				762B8EF71D0403080081ADA6 /* Info.plist */,
				131144C11F8B9AC8002051C9 /* DaikiriMultipleAccounts.m */,
				7658163E203F0E3C0053DC34 /* DaikiriFactoryTest.m */,
				913DDF282DE0C0D20077A4B6 /* daikiriTests-Bridging-Header.h */,
			);
			path = daikiriTests;
			sourceTree = "<group>";
		};
		765E49CA1DE4EA1900DE4D39 /* DKFactory */ = {
			isa = PBXGroup;
			children = (
				765E49CB1DE4EA3100DE4D39 /* DKFactory.h */,
				765E49CC1DE4EA3100DE4D39 /* DKFactory.m */,
				77510F062039B2EC5FFC88DA /* DKFactoryDefinition.m */,
				77510AB8C34B846D74D74E88 /* DKFactoryDefinition.h */,
			);
			name = DKFactory;
			sourceTree = "<group>";
		};
		765E49CE1DE4EF3200DE4D39 /* Factories */ = {
			isa = PBXGroup;
			children = (
				765E49CF1DE4EF9800DE4D39 /* HeroFactory.h */,
				765E49D01DE4EF9800DE4D39 /* HeroFactory.m */,
			);
			name = Factories;
			sourceTree = "<group>";
		};
		77510E249BC521A2622ADC73 /* DKFaker */ = {
			isa = PBXGroup;
			children = (
				775109E4954203FEDBA8B071 /* DKFaker.h */,
				775102A17B8D841A951FE741 /* DKFaker.m */,
			);
			name = DKFaker;
			path = lib/DKFaker;
			sourceTree = "<group>";
		};
		988B87C32B69DA16F93BA670 /* Frameworks */ = {
			isa = PBXGroup;
			children = (
				D5396CF4ECD259055673F8A5 /* libPods-daikiri.a */,
			);
			name = Frameworks;
			sourceTree = "<group>";
		};
/* End PBXGroup section */

/* Begin PBXNativeTarget section */
		762167B41CC178A200C6CA80 /* daikiri */ = {
			isa = PBXNativeTarget;
			buildConfigurationList = 762167CF1CC178A200C6CA80 /* Build configuration list for PBXNativeTarget "daikiri" */;
			buildPhases = (
				2251B382029A1C952C52610A /* [CP] Check Pods Manifest.lock */,
				762167B11CC178A200C6CA80 /* Sources */,
				762167B21CC178A200C6CA80 /* Frameworks */,
				762167B31CC178A200C6CA80 /* Resources */,
			);
			buildRules = (
			);
			dependencies = (
			);
			name = daikiri;
			productName = daikiri;
			productReference = 762167B51CC178A200C6CA80 /* daikiri.app */;
			productType = "com.apple.product-type.application";
		};
		762B8EF21D0403080081ADA6 /* daikiriTests */ = {
			isa = PBXNativeTarget;
			buildConfigurationList = 762B8EFC1D0403080081ADA6 /* Build configuration list for PBXNativeTarget "daikiriTests" */;
			buildPhases = (
				762B8EEF1D0403080081ADA6 /* Sources */,
				762B8EF01D0403080081ADA6 /* Frameworks */,
				762B8EF11D0403080081ADA6 /* Resources */,
			);
			buildRules = (
			);
			dependencies = (
				762B8EF91D0403080081ADA6 /* PBXTargetDependency */,
			);
			name = daikiriTests;
			productName = daikiriTests;
			productReference = 762B8EF31D0403080081ADA6 /* daikiriTests.xctest */;
			productType = "com.apple.product-type.bundle.unit-test";
		};
/* End PBXNativeTarget section */

/* Begin PBXProject section */
		762167AD1CC178A200C6CA80 /* Project object */ = {
			isa = PBXProject;
			attributes = {
				BuildIndependentTargetsInParallel = YES;
				LastUpgradeCheck = 1520;
				ORGANIZATIONNAME = revo;
				TargetAttributes = {
					762167B41CC178A200C6CA80 = {
						CreatedOnToolsVersion = 7.3;
						DevelopmentTeam = F2VSE3YKKD;
						LastSwiftMigration = 1620;
					};
					762B8EF21D0403080081ADA6 = {
						CreatedOnToolsVersion = 7.3.1;
						LastSwiftMigration = 1620;
						TestTargetID = 762167B41CC178A200C6CA80;
					};
				};
			};
			buildConfigurationList = 762167B01CC178A200C6CA80 /* Build configuration list for PBXProject "daikiri" */;
			compatibilityVersion = "Xcode 3.2";
			developmentRegion = en;
			hasScannedForEncodings = 0;
			knownRegions = (
				en,
				Base,
			);
			mainGroup = 762167AC1CC178A200C6CA80;
			productRefGroup = 762167B61CC178A200C6CA80 /* Products */;
			projectDirPath = "";
			projectRoot = "";
			targets = (
				762167B41CC178A200C6CA80 /* daikiri */,
				762B8EF21D0403080081ADA6 /* daikiriTests */,
			);
		};
/* End PBXProject section */

/* Begin PBXResourcesBuildPhase section */
		762167B31CC178A200C6CA80 /* Resources */ = {
			isa = PBXResourcesBuildPhase;
			buildActionMask = 2147483647;
			files = (
				762167CB1CC178A200C6CA80 /* LaunchScreen.storyboard in Resources */,
				7611ED191CC2CF7600A55B06 /* daikiri.podspec.json in Resources */,
				762167C81CC178A200C6CA80 /* Assets.xcassets in Resources */,
				762167C31CC178A200C6CA80 /* Main.storyboard in Resources */,
			);
			runOnlyForDeploymentPostprocessing = 0;
		};
		762B8EF11D0403080081ADA6 /* Resources */ = {
			isa = PBXResourcesBuildPhase;
			buildActionMask = 2147483647;
			files = (
			);
			runOnlyForDeploymentPostprocessing = 0;
		};
/* End PBXResourcesBuildPhase section */

/* Begin PBXShellScriptBuildPhase section */
		2251B382029A1C952C52610A /* [CP] Check Pods Manifest.lock */ = {
			isa = PBXShellScriptBuildPhase;
			buildActionMask = 2147483647;
			files = (
			);
			inputPaths = (
				"${PODS_PODFILE_DIR_PATH}/Podfile.lock",
				"${PODS_ROOT}/Manifest.lock",
			);
			name = "[CP] Check Pods Manifest.lock";
			outputPaths = (
				"$(DERIVED_FILE_DIR)/Pods-daikiri-checkManifestLockResult.txt",
			);
			runOnlyForDeploymentPostprocessing = 0;
			shellPath = /bin/sh;
			shellScript = "diff \"${PODS_PODFILE_DIR_PATH}/Podfile.lock\" \"${PODS_ROOT}/Manifest.lock\" > /dev/null\nif [ $? != 0 ] ; then\n    # print error to STDERR\n    echo \"error: The sandbox is not in sync with the Podfile.lock. Run 'pod install' or update your CocoaPods installation.\" >&2\n    exit 1\nfi\n# This output is used by Xcode 'outputs' to avoid re-running this script phase.\necho \"SUCCESS\" > \"${SCRIPT_OUTPUT_FILE_0}\"\n";
			showEnvVarsInLog = 0;
		};
/* End PBXShellScriptBuildPhase section */

/* Begin PBXSourcesBuildPhase section */
		762167B11CC178A200C6CA80 /* Sources */ = {
			isa = PBXSourcesBuildPhase;
			buildActionMask = 2147483647;
			files = (
				762167C01CC178A200C6CA80 /* ViewController.m in Sources */,
				762167D71CC1791600C6CA80 /* Daikiri.m in Sources */,
				760AE0B91CC27FE8005DE071 /* Hero.m in Sources */,
				760E42EC1CC36AEB00796DCF /* Friend.m in Sources */,
				765E49CD1DE4EA3100DE4D39 /* DKFactory.m in Sources */,
				762167C61CC178A200C6CA80 /* daikiri.xcdatamodeld in Sources */,
				760AE0B81CC27FE8005DE071 /* Headquarter.m in Sources */,
				764426D71CC7B67900F0F2C9 /* GSEnemyHero.m in Sources */,
				760AE0BA1CC27FE8005DE071 /* Vehicle.m in Sources */,
				764426CB1CC5364200F0F2C9 /* QueryBuilder.m in Sources */,
				764426D41CC7B54A00F0F2C9 /* GSEnemy.m in Sources */,
				764426D11CC7B52E00F0F2C9 /* SampleModel.m in Sources */,
				BB8295FA2B90E93E00192013 /* Tag.m in Sources */,
				913DDF2D2DE0CCDB0077A4B6 /* DriverTransformer.swift in Sources */,
				762167BD1CC178A200C6CA80 /* AppDelegate.m in Sources */,
				7616C91B1CC4133B00E1DEEE /* DaikiriCoreData.m in Sources */,
				763DFE691D63AA5100A12221 /* DKObject.m in Sources */,
				760E42EF1CC36B4900796DCF /* EnemyHero.m in Sources */,
				760B2C3A1CC61B31004300AD /* GSHero.m in Sources */,
				762B8EFF1D04067B0081ADA6 /* NonDaikiri.m in Sources */,
				762167BA1CC178A200C6CA80 /* main.m in Sources */,
				913DDF2B2DE0C5E30077A4B6 /* Driver.swift in Sources */,
				760E42E91CC36ADE00796DCF /* Enemy.m in Sources */,
				760AE0B11CC27563005DE071 /* DaikiriJSON.m in Sources */,
				7751076F5AD5DDA9C423A4D3 /* DKFaker.m in Sources */,
				775106A8B8FADEA8C8F5E6FA /* DKFactoryDefinition.m in Sources */,
			);
			runOnlyForDeploymentPostprocessing = 0;
		};
		762B8EEF1D0403080081ADA6 /* Sources */ = {
			isa = PBXSourcesBuildPhase;
			buildActionMask = 2147483647;
			files = (
				763DFE6B1D63AB1400A12221 /* DKObjectTests.m in Sources */,
				76488E3F1D41FFB40036C260 /* DaikiriTests.m in Sources */,
				913DDF272DE0C0C90077A4B6 /* TransformablesTests.swift in Sources */,
				762B8F011D0408CD0081ADA6 /* DaikiriJsonToDictionaryTests.m in Sources */,
				76488E411D4200600036C260 /* QueryBuilderTests.m in Sources */,
				7658163F203F0E3C0053DC34 /* DaikiriFactoryTest.m in Sources */,
				131144C21F8B9AC8002051C9 /* DaikiriMultipleAccounts.m in Sources */,
				765E49D11DE4EF9800DE4D39 /* HeroFactory.m in Sources */,
				762B8EF61D0403080081ADA6 /* DaikiriJsonFromDictionaryTests.m in Sources */,
			);
			runOnlyForDeploymentPostprocessing = 0;
		};
/* End PBXSourcesBuildPhase section */

/* Begin PBXTargetDependency section */
		762B8EF91D0403080081ADA6 /* PBXTargetDependency */ = {
			isa = PBXTargetDependency;
			target = 762167B41CC178A200C6CA80 /* daikiri */;
			targetProxy = 762B8EF81D0403080081ADA6 /* PBXContainerItemProxy */;
		};
/* End PBXTargetDependency section */

/* Begin PBXVariantGroup section */
		762167C11CC178A200C6CA80 /* Main.storyboard */ = {
			isa = PBXVariantGroup;
			children = (
				762167C21CC178A200C6CA80 /* Base */,
			);
			name = Main.storyboard;
			sourceTree = "<group>";
		};
		762167C91CC178A200C6CA80 /* LaunchScreen.storyboard */ = {
			isa = PBXVariantGroup;
			children = (
				762167CA1CC178A200C6CA80 /* Base */,
			);
			name = LaunchScreen.storyboard;
			sourceTree = "<group>";
		};
/* End PBXVariantGroup section */

/* Begin XCBuildConfiguration section */
		762167CD1CC178A200C6CA80 /* Debug */ = {
			isa = XCBuildConfiguration;
			buildSettings = {
				ALWAYS_SEARCH_USER_PATHS = NO;
				ASSETCATALOG_COMPILER_GENERATE_SWIFT_ASSET_SYMBOL_EXTENSIONS = YES;
				CLANG_ANALYZER_LOCALIZABILITY_NONLOCALIZED = YES;
				CLANG_ANALYZER_NONNULL = YES;
				CLANG_CXX_LANGUAGE_STANDARD = "gnu++0x";
				CLANG_CXX_LIBRARY = "libc++";
				CLANG_ENABLE_MODULES = YES;
				CLANG_ENABLE_OBJC_ARC = YES;
				CLANG_WARN_BLOCK_CAPTURE_AUTORELEASING = YES;
				CLANG_WARN_BOOL_CONVERSION = YES;
				CLANG_WARN_COMMA = YES;
				CLANG_WARN_CONSTANT_CONVERSION = YES;
				CLANG_WARN_DEPRECATED_OBJC_IMPLEMENTATIONS = YES;
				CLANG_WARN_DIRECT_OBJC_ISA_USAGE = YES_ERROR;
				CLANG_WARN_EMPTY_BODY = YES;
				CLANG_WARN_ENUM_CONVERSION = YES;
				CLANG_WARN_INFINITE_RECURSION = YES;
				CLANG_WARN_INT_CONVERSION = YES;
				CLANG_WARN_NON_LITERAL_NULL_CONVERSION = YES;
				CLANG_WARN_OBJC_IMPLICIT_RETAIN_SELF = YES;
				CLANG_WARN_OBJC_LITERAL_CONVERSION = YES;
				CLANG_WARN_OBJC_ROOT_CLASS = YES_ERROR;
				CLANG_WARN_QUOTED_INCLUDE_IN_FRAMEWORK_HEADER = YES;
				CLANG_WARN_RANGE_LOOP_ANALYSIS = YES;
				CLANG_WARN_STRICT_PROTOTYPES = YES;
				CLANG_WARN_SUSPICIOUS_MOVE = YES;
				CLANG_WARN_UNREACHABLE_CODE = YES;
				CLANG_WARN__DUPLICATE_METHOD_MATCH = YES;
				"CODE_SIGN_IDENTITY[sdk=iphoneos*]" = "iPhone Developer";
				COPY_PHASE_STRIP = NO;
				DEBUG_INFORMATION_FORMAT = dwarf;
				ENABLE_STRICT_OBJC_MSGSEND = YES;
				ENABLE_TESTABILITY = YES;
				ENABLE_USER_SCRIPT_SANDBOXING = YES;
				GCC_C_LANGUAGE_STANDARD = gnu99;
				GCC_DYNAMIC_NO_PIC = NO;
				GCC_NO_COMMON_BLOCKS = YES;
				GCC_OPTIMIZATION_LEVEL = 0;
				GCC_PREPROCESSOR_DEFINITIONS = (
					"DEBUG=1",
					"$(inherited)",
				);
				GCC_WARN_64_TO_32_BIT_CONVERSION = YES;
				GCC_WARN_ABOUT_RETURN_TYPE = YES_ERROR;
				GCC_WARN_UNDECLARED_SELECTOR = YES;
				GCC_WARN_UNINITIALIZED_AUTOS = YES_AGGRESSIVE;
				GCC_WARN_UNUSED_FUNCTION = YES;
				GCC_WARN_UNUSED_VARIABLE = YES;
				IPHONEOS_DEPLOYMENT_TARGET = 13.0;
				MTL_ENABLE_DEBUG_INFO = YES;
				ONLY_ACTIVE_ARCH = YES;
				SDKROOT = iphoneos;
				TARGETED_DEVICE_FAMILY = "1,2";
			};
			name = Debug;
		};
		762167CE1CC178A200C6CA80 /* Release */ = {
			isa = XCBuildConfiguration;
			buildSettings = {
				ALWAYS_SEARCH_USER_PATHS = NO;
				ASSETCATALOG_COMPILER_GENERATE_SWIFT_ASSET_SYMBOL_EXTENSIONS = YES;
				CLANG_ANALYZER_LOCALIZABILITY_NONLOCALIZED = YES;
				CLANG_ANALYZER_NONNULL = YES;
				CLANG_CXX_LANGUAGE_STANDARD = "gnu++0x";
				CLANG_CXX_LIBRARY = "libc++";
				CLANG_ENABLE_MODULES = YES;
				CLANG_ENABLE_OBJC_ARC = YES;
				CLANG_WARN_BLOCK_CAPTURE_AUTORELEASING = YES;
				CLANG_WARN_BOOL_CONVERSION = YES;
				CLANG_WARN_COMMA = YES;
				CLANG_WARN_CONSTANT_CONVERSION = YES;
				CLANG_WARN_DEPRECATED_OBJC_IMPLEMENTATIONS = YES;
				CLANG_WARN_DIRECT_OBJC_ISA_USAGE = YES_ERROR;
				CLANG_WARN_EMPTY_BODY = YES;
				CLANG_WARN_ENUM_CONVERSION = YES;
				CLANG_WARN_INFINITE_RECURSION = YES;
				CLANG_WARN_INT_CONVERSION = YES;
				CLANG_WARN_NON_LITERAL_NULL_CONVERSION = YES;
				CLANG_WARN_OBJC_IMPLICIT_RETAIN_SELF = YES;
				CLANG_WARN_OBJC_LITERAL_CONVERSION = YES;
				CLANG_WARN_OBJC_ROOT_CLASS = YES_ERROR;
				CLANG_WARN_QUOTED_INCLUDE_IN_FRAMEWORK_HEADER = YES;
				CLANG_WARN_RANGE_LOOP_ANALYSIS = YES;
				CLANG_WARN_STRICT_PROTOTYPES = YES;
				CLANG_WARN_SUSPICIOUS_MOVE = YES;
				CLANG_WARN_UNREACHABLE_CODE = YES;
				CLANG_WARN__DUPLICATE_METHOD_MATCH = YES;
				"CODE_SIGN_IDENTITY[sdk=iphoneos*]" = "iPhone Developer";
				COPY_PHASE_STRIP = NO;
				DEBUG_INFORMATION_FORMAT = "dwarf-with-dsym";
				ENABLE_NS_ASSERTIONS = NO;
				ENABLE_STRICT_OBJC_MSGSEND = YES;
				ENABLE_USER_SCRIPT_SANDBOXING = YES;
				GCC_C_LANGUAGE_STANDARD = gnu99;
				GCC_NO_COMMON_BLOCKS = YES;
				GCC_WARN_64_TO_32_BIT_CONVERSION = YES;
				GCC_WARN_ABOUT_RETURN_TYPE = YES_ERROR;
				GCC_WARN_UNDECLARED_SELECTOR = YES;
				GCC_WARN_UNINITIALIZED_AUTOS = YES_AGGRESSIVE;
				GCC_WARN_UNUSED_FUNCTION = YES;
				GCC_WARN_UNUSED_VARIABLE = YES;
				IPHONEOS_DEPLOYMENT_TARGET = 13.0;
				MTL_ENABLE_DEBUG_INFO = NO;
				SDKROOT = iphoneos;
				TARGETED_DEVICE_FAMILY = "1,2";
				VALIDATE_PRODUCT = YES;
			};
			name = Release;
		};
		762167D01CC178A200C6CA80 /* Debug */ = {
			isa = XCBuildConfiguration;
			baseConfigurationReference = C9F2AAE25B85898F3A543336 /* Pods-daikiri.debug.xcconfig */;
			buildSettings = {
				ASSETCATALOG_COMPILER_APPICON_NAME = AppIcon;
				CLANG_ENABLE_MODULES = YES;
				DEVELOPMENT_TEAM = F2VSE3YKKD;
				INFOPLIST_FILE = daikiri/Info.plist;
				IPHONEOS_DEPLOYMENT_TARGET = 13.0;
				LD_RUNPATH_SEARCH_PATHS = (
					"$(inherited)",
					"@executable_path/Frameworks",
				);
				PRODUCT_BUNDLE_IDENTIFIER = works.revo.daikiri;
				PRODUCT_NAME = "$(TARGET_NAME)";
				SWIFT_OBJC_BRIDGING_HEADER = "daikiri/daikiri-Bridging-Header.h";
				SWIFT_OPTIMIZATION_LEVEL = "-Onone";
				SWIFT_VERSION = 6.0;
			};
			name = Debug;
		};
		762167D11CC178A200C6CA80 /* Release */ = {
			isa = XCBuildConfiguration;
			baseConfigurationReference = 54BFF6C81126852DC653226F /* Pods-daikiri.release.xcconfig */;
			buildSettings = {
				ASSETCATALOG_COMPILER_APPICON_NAME = AppIcon;
				CLANG_ENABLE_MODULES = YES;
				DEVELOPMENT_TEAM = F2VSE3YKKD;
				INFOPLIST_FILE = daikiri/Info.plist;
				IPHONEOS_DEPLOYMENT_TARGET = 13.0;
				LD_RUNPATH_SEARCH_PATHS = (
					"$(inherited)",
					"@executable_path/Frameworks",
				);
				PRODUCT_BUNDLE_IDENTIFIER = works.revo.daikiri;
				PRODUCT_NAME = "$(TARGET_NAME)";
				SWIFT_OBJC_BRIDGING_HEADER = "daikiri/daikiri-Bridging-Header.h";
				SWIFT_VERSION = 6.0;
			};
			name = Release;
		};
		762B8EFA1D0403080081ADA6 /* Debug */ = {
			isa = XCBuildConfiguration;
			buildSettings = {
				BUNDLE_LOADER = "$(TEST_HOST)";
				CLANG_ENABLE_MODULES = YES;
				"CODE_SIGN_IDENTITY[sdk=macosx*]" = "-";
				DEVELOPMENT_TEAM = F2VSE3YKKD;
				INFOPLIST_FILE = daikiriTests/Info.plist;
				IPHONEOS_DEPLOYMENT_TARGET = 13.0;
				LD_RUNPATH_SEARCH_PATHS = (
					"$(inherited)",
					"@executable_path/Frameworks",
					"@loader_path/Frameworks",
				);
				PRODUCT_BUNDLE_IDENTIFIER = works.revo.daikiriTests;
				PRODUCT_NAME = "$(TARGET_NAME)";
				SWIFT_OBJC_BRIDGING_HEADER = "daikiriTests/daikiriTests-Bridging-Header.h";
				SWIFT_OPTIMIZATION_LEVEL = "-Onone";
				SWIFT_VERSION = 6.0;
				TEST_HOST = "$(BUILT_PRODUCTS_DIR)/daikiri.app/daikiri";
			};
			name = Debug;
		};
		762B8EFB1D0403080081ADA6 /* Release */ = {
			isa = XCBuildConfiguration;
			buildSettings = {
				BUNDLE_LOADER = "$(TEST_HOST)";
				CLANG_ENABLE_MODULES = YES;
				"CODE_SIGN_IDENTITY[sdk=macosx*]" = "-";
				DEVELOPMENT_TEAM = F2VSE3YKKD;
				INFOPLIST_FILE = daikiriTests/Info.plist;
				IPHONEOS_DEPLOYMENT_TARGET = 13.0;
				LD_RUNPATH_SEARCH_PATHS = (
					"$(inherited)",
					"@executable_path/Frameworks",
					"@loader_path/Frameworks",
				);
				PRODUCT_BUNDLE_IDENTIFIER = works.revo.daikiriTests;
				PRODUCT_NAME = "$(TARGET_NAME)";
				SWIFT_OBJC_BRIDGING_HEADER = "daikiriTests/daikiriTests-Bridging-Header.h";
				SWIFT_VERSION = 6.0;
				TEST_HOST = "$(BUILT_PRODUCTS_DIR)/daikiri.app/daikiri";
			};
			name = Release;
		};
/* End XCBuildConfiguration section */

/* Begin XCConfigurationList section */
		762167B01CC178A200C6CA80 /* Build configuration list for PBXProject "daikiri" */ = {
			isa = XCConfigurationList;
			buildConfigurations = (
				762167CD1CC178A200C6CA80 /* Debug */,
				762167CE1CC178A200C6CA80 /* Release */,
			);
			defaultConfigurationIsVisible = 0;
			defaultConfigurationName = Release;
		};
		762167CF1CC178A200C6CA80 /* Build configuration list for PBXNativeTarget "daikiri" */ = {
			isa = XCConfigurationList;
			buildConfigurations = (
				762167D01CC178A200C6CA80 /* Debug */,
				762167D11CC178A200C6CA80 /* Release */,
			);
			defaultConfigurationIsVisible = 0;
			defaultConfigurationName = Release;
		};
		762B8EFC1D0403080081ADA6 /* Build configuration list for PBXNativeTarget "daikiriTests" */ = {
			isa = XCConfigurationList;
			buildConfigurations = (
				762B8EFA1D0403080081ADA6 /* Debug */,
				762B8EFB1D0403080081ADA6 /* Release */,
			);
			defaultConfigurationIsVisible = 0;
			defaultConfigurationName = Release;
		};
/* End XCConfigurationList section */

/* Begin XCVersionGroup section */
		762167C41CC178A200C6CA80 /* daikiri.xcdatamodeld */ = {
			isa = XCVersionGroup;
			children = (
				762167C51CC178A200C6CA80 /* daikiri.xcdatamodel */,
			);
			currentVersion = 762167C51CC178A200C6CA80 /* daikiri.xcdatamodel */;
			path = daikiri.xcdatamodeld;
			sourceTree = "<group>";
			versionGroupType = wrapper.xcdatamodel;
		};
/* End XCVersionGroup section */
	};
	rootObject = 762167AD1CC178A200C6CA80 /* Project object */;
}
