PODS:
  - Collection (1.9.6)
  - MBFaker (0.1.2)

DEPENDENCIES:
  - Collection
  - MBFaker

SPEC REPOS:
  https://github.com/cocoapods/specs.git:
    - Collection
    - MBFaker

SPEC CHECKSUMS:
  Collection: bccee116fdb2cfb793180aea8ef6c920f0b7ae00
  MBFaker: 856baf3a7153a474506114b1694c57b3bbeafbda

PODFILE CHECKSUM: 1279672830e3138f08a4acc2b9f3a1ceedd0c174

COCOAPODS: 1.5.2
