PODS:
  - Collection (1.10.24)
  - MBFaker (0.1.2)

DEPENDENCIES:
  - Collection
  - MBFaker

SPEC REPOS:
  trunk:
    - Collection
    - MBFaker

SPEC CHECKSUMS:
  Collection: 360686fcef794e0bf6aea2768895a13c87ef6f96
  MBFaker: 856baf3a7153a474506114b1694c57b3bbeafbda

PODFILE CHECKSUM: cbf4c94fed295e8e669d7bc5d8e8fb8858b76b73

COCOAPODS: 1.11.3
