PODS:
  - Collection (1.10.15)
  - MBFaker (0.1.2)

DEPENDENCIES:
  - Collection
  - MBFaker

SPEC REPOS:
  https://github.com/CocoaPods/Specs.git:
    - Collection
    - MBFaker

SPEC CHECKSUMS:
  Collection: d553b4bdd882fa2aebbe136a981dd072eaf8e953
  MBFaker: 856baf3a7153a474506114b1694c57b3bbeafbda

PODFILE CHECKSUM: 1279672830e3138f08a4acc2b9f3a1ceedd0c174

COCOAPODS: 1.11.3
